{
  "version": 2,
  "dependencies": {
    "net10.0": {
      "Akka.Hosting": {
        "type": "Direct",
        "requested": "[1.5.67, )",
        "resolved": "1.5.67",
        "contentHash": "856rV6pqOSvYk+izS7Ca5f7p+Fu27oZHPV0oe2dyvNeK5SWKkikqj/AQNeAAfxGJ/3ZMCZIQSQJhXfetfx4y6w==",
        "dependencies": {
          "Akka.DependencyInjection": "1.5.67",
          "Akka.Streams": "1.5.67",
          "OpenTelemetry": "1.9.0"
        }
      },
      "Akka.Streams": {
        "type": "Direct",
        "requested": "[1.5.67, )",
        "resolved": "1.5.67",
        "contentHash": "DfxpWPMOCGV7TuYO1Kh1gOVoXDxFWPMtuaFi/h/a+5Fph31fTB7TEHW4oAIQ9QRmk/YuRyLFrHr97uIcBja/8Q==",
        "dependencies": {
          "Akka": "1.5.67",
          "Google.Protobuf": "3.26.1",
          "Reactive.Streams": "1.0.4"
        }
      },
      "Microsoft.IO.RecyclableMemoryStream": {
        "type": "Direct",
        "requested": "[3.0.1, )",
        "resolved": "3.0.1",
        "contentHash": "s/s20YTVY9r9TPfTrN5g8zPF1YhwxyqO6PxUkrYTGI2B+OGPe9AdajWZrLhFqXIvqIW23fnUE4+ztrUWNU1+9g=="
      },
      "Akka": {
        "type": "Transitive",
        "resolved": "1.5.67",
        "contentHash": "LCqHtJsvxStcwvHBnGpFSRQ1RLfMkGsL50jCd24N0Z1qm/3GRmRKbMYbzhtgxWJvVsYTUMkhMMwGSK7X0xUJTQ==",
        "dependencies": {
          "Akka.Analyzers": "0.3.3",
          "Newtonsoft.Json": "13.0.1",
          "System.Configuration.ConfigurationManager": "6.0.1"
        }
      },
      "Akka.Analyzers": {
        "type": "Transitive",
        "resolved": "0.3.3",
        "contentHash": "SaS6yojDwqmy8PFCML8hiXlnSOQpO7adzrosTLbDD9paVAJk4WufteGbPhbiXiu2m4JscNhSM5joFeR9IZpF8g=="
      },
      "Akka.DependencyInjection": {
        "type": "Transitive",
        "resolved": "1.5.67",
        "contentHash": "O9scFUb7PrOS/8z4El2/nmXoY7rraqaScschB++WACuQV8FYSl/iOxem7R/NZf1juSegzl13NGj7031uT/NXIQ==",
        "dependencies": {
          "Akka": "1.5.67"
        }
      },
      "Google.Protobuf": {
        "type": "Transitive",
        "resolved": "3.26.1",
        "contentHash": "CHZX8zXqhF/fdUtd+AYzew8T2HFkAoe5c7lbGxZY/qryAlQXckDvM5BfOJjXlMS7kyICqQTMszj4w1bX5uBJ/w=="
      },
      "Microsoft.Win32.SystemEvents": {
        "type": "Transitive",
        "resolved": "6.0.0",
        "contentHash": "hqTM5628jSsQiv+HGpiq3WKBl2c8v1KZfby2J6Pr7pEPlK9waPdgEO6b8A/+/xn/yZ9ulv8HuqK71ONy2tg67A=="
      },
      "Newtonsoft.Json": {
        "type": "Transitive",
        "resolved": "13.0.1",
        "contentHash": "ppPFpBcvxdsfUonNcvITKqLl3bqxWbDCZIzDWHzjpdAHRFfZe0Dw9HmA0+za13IdyrgJwpkDTDA9fHaxOrt20A=="
      },
      "Reactive.Streams": {
        "type": "Transitive",
        "resolved": "1.0.4",
        "contentHash": "k5lcLBmVAcc1OMGsLa5cxdzJazNx9haOb9GUINx+DulBqEvRAHCgxhDWcJjm44Pe633xwdKOOYGQhPSdj944IA=="
      },
      "System.Configuration.ConfigurationManager": {
        "type": "Transitive",
        "resolved": "6.0.1",
        "contentHash": "jXw9MlUu/kRfEU0WyTptAVueupqIeE3/rl0EZDMlf8pcvJnitQ8HeVEp69rZdaStXwTV72boi/Bhw8lOeO+U2w==",
        "dependencies": {
          "System.Security.Cryptography.ProtectedData": "6.0.0",
          "System.Security.Permissions": "6.0.0"
        }
      },
      "System.Drawing.Common": {
        "type": "Transitive",
        "resolved": "6.0.0",
        "contentHash": "NfuoKUiP2nUWwKZN6twGqXioIe1zVD0RIj2t976A+czLHr2nY454RwwXs6JU9Htc6mwqL6Dn/nEL3dpVf2jOhg==",
        "dependencies": {
          "Microsoft.Win32.SystemEvents": "6.0.0"
        }
      },
      "System.Security.Cryptography.ProtectedData": {
        "type": "Transitive",
        "resolved": "6.0.0",
        "contentHash": "rp1gMNEZpvx9vP0JW0oHLxlf8oSiQgtno77Y4PLUBjSiDYoD77Y8uXHr1Ea5XG4/pIKhqAdxZ8v8OTUtqo9PeQ=="
      },
      "System.Security.Permissions": {
        "type": "Transitive",
        "resolved": "6.0.0",
        "contentHash": "T/uuc7AklkDoxmcJ7LGkyX1CcSviZuLCa4jg3PekfJ7SU0niF0IVTXwUiNVP9DSpzou2PpxJ+eNY2IfDM90ZCg==",
        "dependencies": {
          "System.Windows.Extensions": "6.0.0"
        }
      },
      "System.Windows.Extensions": {
        "type": "Transitive",
        "resolved": "6.0.0",
        "contentHash": "IXoJOXIqc39AIe+CIR7koBtRGMiCt/LPM3lI+PELtDIy9XdyeSrwXFdWV9dzJ2Awl0paLWUaknLxFQ5HpHZUog==",
        "dependencies": {
          "System.Drawing.Common": "6.0.0"
        }
      },
      "servus.akka": {
        "type": "Project",
        "dependencies": {
          "Akka.Hosting": "[1.5.67, )",
          "Servus.Core": "[0.33.10, )"
        }
      },
      "OpenTelemetry": {
        "type": "CentralTransitive",
        "requested": "[1.15.3, )",
        "resolved": "1.15.3",
        "contentHash": "N0i6WjPoHPbZyms1ugbDIFAJFuGlpeExJMU/+XSL0lQRUkg/D0utFkDoLXf8Z1km5B+xVZ2GyMXXiX8qdeNmPg==",
        "dependencies": {
          "OpenTelemetry.Api.ProviderBuilderExtensions": "1.15.3"
        }
      },
      "OpenTelemetry.Api": {
        "type": "CentralTransitive",
        "requested": "[1.15.3, )",
        "resolved": "1.15.3",
        "contentHash": "fX+fkCysfPut+qCcT3bKqyX4QN9Saf4CgX8HLOHywEVD+Xr7sULtfuypITpoDysjx8R59dn/3mWhgimMH8cm/g=="
      },
      "OpenTelemetry.Api.ProviderBuilderExtensions": {
        "type": "CentralTransitive",
        "requested": "[1.15.3, )",
        "resolved": "1.15.3",
        "contentHash": "SYn0lqYDwLMWhv/zlNGsQcl2yX++yTumanX46bmOZE/ZDOd1WjPBO2kZaZgKLEZTZk48pavIFGJ6vOvxXgWVFQ==",
        "dependencies": {
          "OpenTelemetry.Api": "1.15.3"
        }
      },
      "Servus.Core": {
        "type": "CentralTransitive",
        "requested": "[0.33.10, )",
        "resolved": "0.33.10",
        "contentHash": "31KtCHbrqw6IXPaMqdVPUqQmZwDHtDL9SPWgqYUnmk6hoSi8FgoUOjv6GiMoUGDlJHiCtaNbW+UADjpCl8tv0A=="
      }
    }
  }
}