{
  "version": 2,
  "dependencies": {
    "net10.0": {
      "Akka.Logger.Extensions.Logging": {
        "type": "Direct",
        "requested": "[1.4.22, )",
        "resolved": "1.4.22",
        "contentHash": "kQ6AG7enReRKQwnXufKScXryQwg4FRK7z8vnmJIobjW3wddFZV1I3wCYu5dR5eztJQP8nVJveamU7K49Vxr+pg==",
        "dependencies": {
          "Akka": "1.4.1",
          "Microsoft.Extensions.Logging.Abstractions": "3.1.0"
        }
      },
      "Akka.Streams": {
        "type": "Direct",
        "requested": "[1.5.63, )",
        "resolved": "1.5.63",
        "contentHash": "iQMumgR2NsuXCyexr94okjGgIShoiJkKcuSTyWf/xKnln9tgEEBadfCJUvARngJ74iwo6AOU6k5xlhy7nsDWxw==",
        "dependencies": {
          "Akka": "1.5.63",
          "Google.Protobuf": "3.26.1",
          "Reactive.Streams": "1.0.4"
        }
      },
      "Servus.Akka": {
        "type": "Direct",
        "requested": "[0.3.10, )",
        "resolved": "0.3.10",
        "contentHash": "tO2i3rAtZe1rgsY0ka7ZIucQvimz2tQsFGlWoznPONuv2czSHI58NwBdfPyv2OVaRRojJND8+DBrksInlxWmiw==",
        "dependencies": {
          "Akka.Hosting": "1.5.0",
          "Microsoft.Extensions.DependencyInjection": "6.0.0",
          "Servus.Core": "0.33.1"
        }
      },
      "Akka": {
        "type": "Transitive",
        "resolved": "1.5.63",
        "contentHash": "SqJU9CFdFHEyCeB7Vjhl4taIVEvVyA0dFmSciH0kdDWWYgj8FBjZJy+5yrxrZwGSY4kIyRcY78YTUFuztk/kTQ==",
        "dependencies": {
          "Akka.Analyzers": "0.3.3",
          "Microsoft.Extensions.ObjectPool": "6.0.36",
          "Newtonsoft.Json": "13.0.1",
          "System.Configuration.ConfigurationManager": "6.0.1"
        }
      },
      "Akka.Analyzers": {
        "type": "Transitive",
        "resolved": "0.3.3",
        "contentHash": "SaS6yojDwqmy8PFCML8hiXlnSOQpO7adzrosTLbDD9paVAJk4WufteGbPhbiXiu2m4JscNhSM5joFeR9IZpF8g=="
      },
      "Akka.DependencyInjection": {
        "type": "Transitive",
        "resolved": "1.5.0",
        "contentHash": "yRBzW9+rb4otLKiE8qKCcYDOdlZ7espt5Q/c1myNvvE3biW5CPo0Vv8LlUU0xjoR6GjRt35QqosVO0tv1noxIA==",
        "dependencies": {
          "Akka": "1.5.0",
          "Microsoft.Extensions.DependencyInjection.Abstractions": "3.1.0"
        }
      },
      "Akka.Hosting": {
        "type": "Transitive",
        "resolved": "1.5.0",
        "contentHash": "tS4FMMhWwIhLMLVE7M1uPzSuMqpEEzUQFxjEGpccTmcNBZea5GMlj5nrxNrn0e3wVoGy5+hsa7VLNJWmbLuL2w==",
        "dependencies": {
          "Akka.DependencyInjection": "1.5.0",
          "Microsoft.Extensions.Configuration": "3.0.0",
          "Microsoft.Extensions.Hosting": "3.0.0"
        }
      },
      "Google.Protobuf": {
        "type": "Transitive",
        "resolved": "3.26.1",
        "contentHash": "CHZX8zXqhF/fdUtd+AYzew8T2HFkAoe5c7lbGxZY/qryAlQXckDvM5BfOJjXlMS7kyICqQTMszj4w1bX5uBJ/w=="
      },
      "Microsoft.Extensions.Configuration": {
        "type": "Transitive",
        "resolved": "3.0.0",
        "contentHash": "KECbOpM0EySVbKTQDN9o0swdnZpwpdhuYngnnJGzXdcAc+JR1mv7iF4lOyK00KSH8OZjobO0TUeo3mn7J2rdrA==",
        "dependencies": {
          "Microsoft.Extensions.Configuration.Abstractions": "3.0.0"
        }
      },
      "Microsoft.Extensions.Configuration.Abstractions": {
        "type": "Transitive",
        "resolved": "9.0.11",
        "contentHash": "g23//mPpMa33QdJkLujJICoCRbiLFpiQ4XbROG9JdeDI6/sM+qZPB2t5SmUWNM8GwY8dYW3NucxlZDFe8s3NAQ==",
        "dependencies": {
          "Microsoft.Extensions.Primitives": "9.0.11"
        }
      },
      "Microsoft.Extensions.Configuration.Binder": {
        "type": "Transitive",
        "resolved": "3.0.0",
        "contentHash": "iw3UL25Cw9GBILJOs8srwcId2UCz5+BxTu//EN5dO2dOFNtHcNJgnUiqIlmcGi0orIco0pDuDXuIDvhkrY/sGQ==",
        "dependencies": {
          "Microsoft.Extensions.Configuration": "3.0.0"
        }
      },
      "Microsoft.Extensions.Configuration.CommandLine": {
        "type": "Transitive",
        "resolved": "3.0.0",
        "contentHash": "2Wi6J+3OY3BdeZK4mzrEwx2BcJSWvxto07znvzKj6XozG/FBCewHVdlUvA4rX5ppfJsynQyA/T+pI4x4W89fvA==",
        "dependencies": {
          "Microsoft.Extensions.Configuration": "3.0.0"
        }
      },
      "Microsoft.Extensions.Configuration.EnvironmentVariables": {
        "type": "Transitive",
        "resolved": "3.0.0",
        "contentHash": "X8/7tJzoKhwRd6oTNpe7lcfP/jE+NlQRjnYf6KljMey7D6LVtgMjIW4sMAUiDG2Kd8A6Y7xk2HnyF/hZMULh/A==",
        "dependencies": {
          "Microsoft.Extensions.Configuration": "3.0.0"
        }
      },
      "Microsoft.Extensions.Configuration.FileExtensions": {
        "type": "Transitive",
        "resolved": "3.0.0",
        "contentHash": "ldGkKUHp1l0ylmPvWFV9loI3r7odsK5v+FXhBN3+fC/Dzw1mSCRvarqdbfWvzV9asVoVxWOD8+kPd/o8puUZrQ==",
        "dependencies": {
          "Microsoft.Extensions.Configuration": "3.0.0",
          "Microsoft.Extensions.FileProviders.Physical": "3.0.0"
        }
      },
      "Microsoft.Extensions.Configuration.Json": {
        "type": "Transitive",
        "resolved": "3.0.0",
        "contentHash": "OPRsOom05WwlPfuN3ufHc+w/SyovJYpByn45+XrnqogXdS8z5UH03lrC/VKvEEBU0hmiw5wWCM0b2rnaMiEKdA==",
        "dependencies": {
          "Microsoft.Extensions.Configuration": "3.0.0",
          "Microsoft.Extensions.Configuration.FileExtensions": "3.0.0"
        }
      },
      "Microsoft.Extensions.Configuration.UserSecrets": {
        "type": "Transitive",
        "resolved": "3.0.0",
        "contentHash": "1UORsfr5hdPlNKzsu0ThY5SPCsYbc1yQQcTqGbOuTZz9gdCy3AL97mHUFjyGqKrQ43B7AZxwdG0JU/TlQw+vFw==",
        "dependencies": {
          "Microsoft.Extensions.Configuration.Json": "3.0.0"
        }
      },
      "Microsoft.Extensions.DependencyInjection": {
        "type": "Transitive",
        "resolved": "6.0.0",
        "contentHash": "k6PWQMuoBDGGHOQTtyois2u4AwyVcIwL2LaSLlTZQm2CYcJ1pxbt6jfAnpWmzENA/wfrYRI/X9DTLoUkE4AsLw==",
        "dependencies": {
          "Microsoft.Extensions.DependencyInjection.Abstractions": "6.0.0"
        }
      },
      "Microsoft.Extensions.DependencyInjection.Abstractions": {
        "type": "Transitive",
        "resolved": "9.0.11",
        "contentHash": "+ZxxZzcVU+IEzq12GItUzf/V3mEc5nSLiXijwvDc4zyhbjvSZZ043giSZqGnhakrjwRWjkerIHPrRwm9okEIpw=="
      },
      "Microsoft.Extensions.Diagnostics.Abstractions": {
        "type": "Transitive",
        "resolved": "9.0.11",
        "contentHash": "D9gu4weEmvWGuz8zp5xwsOr0ldmWphMKr7+IW66hG4rnrgpMLtTWoOINBOX5mcRTPL39+AVd3BJdc4HTvl2NrA==",
        "dependencies": {
          "Microsoft.Extensions.DependencyInjection.Abstractions": "9.0.11",
          "Microsoft.Extensions.Options": "9.0.11"
        }
      },
      "Microsoft.Extensions.FileProviders.Abstractions": {
        "type": "Transitive",
        "resolved": "9.0.11",
        "contentHash": "YEPsXWcoNde6J6W/MMjIuNQMPkKTL4NS0AJ1rsAt48+GuJYoZU+Mi4T8PwyzYGDLxhUsH3Wa32DlbKtDkzT40A==",
        "dependencies": {
          "Microsoft.Extensions.Primitives": "9.0.11"
        }
      },
      "Microsoft.Extensions.FileProviders.Physical": {
        "type": "Transitive",
        "resolved": "3.0.0",
        "contentHash": "76yB1N8hvzDaTqx3epda5sl/3HATw2FskztmmLmfWuvaooaNgbDa37Jyc7IyBCC4PreXEW/XLEET9w6fiJZOFg==",
        "dependencies": {
          "Microsoft.Extensions.FileProviders.Abstractions": "3.0.0",
          "Microsoft.Extensions.FileSystemGlobbing": "3.0.0"
        }
      },
      "Microsoft.Extensions.FileSystemGlobbing": {
        "type": "Transitive",
        "resolved": "3.0.0",
        "contentHash": "E1GcUu8JvY/8QfqMUYTs6HlDLefMYhEzeHsjrhRqOZguBmDTFU8d8m+mGtHEyYHWMRT1TEiha0a8I2AuozDUWQ=="
      },
      "Microsoft.Extensions.Hosting": {
        "type": "Transitive",
        "resolved": "3.0.0",
        "contentHash": "89tSjVjuS7HzXfpqLQtMTmLNitAF7P3HA67Wu2NPy20znYpoJxA3SN1AFuVlailqWT6Z9hbSbfJ5IcSXH77WIA==",
        "dependencies": {
          "Microsoft.Extensions.Configuration": "3.0.0",
          "Microsoft.Extensions.Configuration.CommandLine": "3.0.0",
          "Microsoft.Extensions.Configuration.EnvironmentVariables": "3.0.0",
          "Microsoft.Extensions.Configuration.UserSecrets": "3.0.0",
          "Microsoft.Extensions.DependencyInjection": "3.0.0",
          "Microsoft.Extensions.FileProviders.Physical": "3.0.0",
          "Microsoft.Extensions.Hosting.Abstractions": "3.0.0",
          "Microsoft.Extensions.Logging": "3.0.0",
          "Microsoft.Extensions.Logging.Console": "3.0.0",
          "Microsoft.Extensions.Logging.Debug": "3.0.0",
          "Microsoft.Extensions.Logging.EventLog": "3.0.0",
          "Microsoft.Extensions.Logging.EventSource": "3.0.0"
        }
      },
      "Microsoft.Extensions.Hosting.Abstractions": {
        "type": "Transitive",
        "resolved": "9.0.11",
        "contentHash": "cQsyEUYRYRzRf4y7Xn4W8bbspgXj0oNA9drEa6lVmU9qL7xv2dfCdcVVLCp6Hhs8hN7R7TfRFdQa1uXBS+96fA==",
        "dependencies": {
          "Microsoft.Extensions.Configuration.Abstractions": "9.0.11",
          "Microsoft.Extensions.DependencyInjection.Abstractions": "9.0.11",
          "Microsoft.Extensions.Diagnostics.Abstractions": "9.0.11",
          "Microsoft.Extensions.FileProviders.Abstractions": "9.0.11",
          "Microsoft.Extensions.Logging.Abstractions": "9.0.11"
        }
      },
      "Microsoft.Extensions.Logging": {
        "type": "Transitive",
        "resolved": "3.0.0",
        "contentHash": "rxs1i2denq0Sv0XMvAeISK7AskV5x7aihvlIlepJKFfkbE6PgbeXfPOElD0kf3Wr2Roo57ASQa5xUL9LTHWChA==",
        "dependencies": {
          "Microsoft.Extensions.Configuration.Binder": "3.0.0",
          "Microsoft.Extensions.DependencyInjection": "3.0.0",
          "Microsoft.Extensions.Logging.Abstractions": "3.0.0",
          "Microsoft.Extensions.Options": "3.0.0"
        }
      },
      "Microsoft.Extensions.Logging.Abstractions": {
        "type": "Transitive",
        "resolved": "9.0.11",
        "contentHash": "UKWFTDwtZQIoypyt1YPVsxTnDK+0sKn26+UeSGeNlkRQddrkt9EC6kP4g94rgO/WOZkz94bKNlF1dVZN3QfPFQ==",
        "dependencies": {
          "Microsoft.Extensions.DependencyInjection.Abstractions": "9.0.11"
        }
      },
      "Microsoft.Extensions.Logging.Configuration": {
        "type": "Transitive",
        "resolved": "3.0.0",
        "contentHash": "Z+3mqptSt3pCo0Nl4pmwK+nTpBpRxNe2lFaBCCtsT0bb88GeFKvw6Mg+0IeEgDrfj7h4qzMYRbL5cSFMpENQZA==",
        "dependencies": {
          "Microsoft.Extensions.Logging": "3.0.0",
          "Microsoft.Extensions.Options.ConfigurationExtensions": "3.0.0"
        }
      },
      "Microsoft.Extensions.Logging.Console": {
        "type": "Transitive",
        "resolved": "3.0.0",
        "contentHash": "0BGjmCi0tES5lYVxd+kXvr7rsnvbeNjTLi5cmgIjvGJkTAcU0qIeJq/E04eCMdjICH1Quo7R/iSc1SIqa2km1g==",
        "dependencies": {
          "Microsoft.Extensions.Configuration.Abstractions": "3.0.0",
          "Microsoft.Extensions.Logging": "3.0.0",
          "Microsoft.Extensions.Logging.Configuration": "3.0.0"
        }
      },
      "Microsoft.Extensions.Logging.Debug": {
        "type": "Transitive",
        "resolved": "3.0.0",
        "contentHash": "zatvOmnIwV6IW5ujAmOjdSUp2s4GXc8fEzj8wTUKblO4MjtL+B7G6J3q2LMxVbqudzg7ckpHOvp4dzSdXCtO2w==",
        "dependencies": {
          "Microsoft.Extensions.Logging": "3.0.0"
        }
      },
      "Microsoft.Extensions.Logging.EventLog": {
        "type": "Transitive",
        "resolved": "3.0.0",
        "contentHash": "JXX1s3qEntNg+/kGkA2u3+go5HIObXV9Ffq7O2PW19AN/xdH76eXLNK+L2I7MQh2gdBV2NUhD6dJyGYsEveuOw==",
        "dependencies": {
          "Microsoft.Extensions.Logging": "3.0.0",
          "System.Diagnostics.EventLog": "4.6.0"
        }
      },
      "Microsoft.Extensions.Logging.EventSource": {
        "type": "Transitive",
        "resolved": "3.0.0",
        "contentHash": "vyTqFuh53ek5CTQuFUeQ2ehQIsn0yxjttoD4XdICvBvH2j/QO0yhES3yKTdQIDx0D/JR/MDOZNgk39Hmf+6Pog==",
        "dependencies": {
          "Microsoft.Extensions.Logging": "3.0.0"
        }
      },
      "Microsoft.Extensions.ObjectPool": {
        "type": "Transitive",
        "resolved": "6.0.36",
        "contentHash": "WHwL2Src2pAiLGEmzq6htW+jeKIkrifT3Q6nZROY6EG8EbSGli//XpAh9WpITRsTda3VVUBegvc2QdBWyNn+zg=="
      },
      "Microsoft.Extensions.Options": {
        "type": "Transitive",
        "resolved": "9.0.11",
        "contentHash": "HX4M3BLkW1dtByMKHDVq6r7Jy6e4hf8NDzHpIgz7C8BtYk9JQHhfYX5c1UheQTD5Veg1yBhz/cD9C8vtrGrk9w==",
        "dependencies": {
          "Microsoft.Extensions.DependencyInjection.Abstractions": "9.0.11",
          "Microsoft.Extensions.Primitives": "9.0.11"
        }
      },
      "Microsoft.Extensions.Options.ConfigurationExtensions": {
        "type": "Transitive",
        "resolved": "3.0.0",
        "contentHash": "g4V1TXEKUDgOnp1ZKREKSvITYxcUsTqfxNlOaCG7/xlCurLLzFupm+ULkGqIBUIBK+q3kHmt42pVyHwGIcCBmg==",
        "dependencies": {
          "Microsoft.Extensions.Configuration.Abstractions": "3.0.0",
          "Microsoft.Extensions.Configuration.Binder": "3.0.0",
          "Microsoft.Extensions.DependencyInjection.Abstractions": "3.0.0",
          "Microsoft.Extensions.Options": "3.0.0"
        }
      },
      "Microsoft.Extensions.Primitives": {
        "type": "Transitive",
        "resolved": "9.0.11",
        "contentHash": "rtUNSIhbQTv8iSBTFvtg2b/ZUkoqC9qAH9DdC2hr+xPpoZrxiCITci9UR/ELUGUGnGUrF8Xye+tGVRhCxE+4LA=="
      },
      "Microsoft.NETCore.Platforms": {
        "type": "Transitive",
        "resolved": "3.0.0",
        "contentHash": "TsETIgVJb/AKoYfSP+iCxkuly5d3inZjTdx/ItZLk2CxY85v8083OBS3uai84kK3/baLnS5/b5XGs6zR7SuuHQ=="
      },
      "Microsoft.Win32.SystemEvents": {
        "type": "Transitive",
        "resolved": "6.0.0",
        "contentHash": "hqTM5628jSsQiv+HGpiq3WKBl2c8v1KZfby2J6Pr7pEPlK9waPdgEO6b8A/+/xn/yZ9ulv8HuqK71ONy2tg67A=="
      },
      "Newtonsoft.Json": {
        "type": "Transitive",
        "resolved": "13.0.1",
        "contentHash": "ppPFpBcvxdsfUonNcvITKqLl3bqxWbDCZIzDWHzjpdAHRFfZe0Dw9HmA0+za13IdyrgJwpkDTDA9fHaxOrt20A=="
      },
      "Reactive.Streams": {
        "type": "Transitive",
        "resolved": "1.0.4",
        "contentHash": "k5lcLBmVAcc1OMGsLa5cxdzJazNx9haOb9GUINx+DulBqEvRAHCgxhDWcJjm44Pe633xwdKOOYGQhPSdj944IA=="
      },
      "Servus.Core": {
        "type": "Transitive",
        "resolved": "0.33.1",
        "contentHash": "j76OHV7QaQINH639cHI9xh4wBSrNrQWUZgjka+RmlvhKQXKpQZTz7dRlXa5rdDGEUKn/pkf49MC65f092pqdLA==",
        "dependencies": {
          "Microsoft.Extensions.DependencyInjection.Abstractions": "9.0.11",
          "Microsoft.Extensions.Hosting.Abstractions": "9.0.11"
        }
      },
      "System.Configuration.ConfigurationManager": {
        "type": "Transitive",
        "resolved": "6.0.1",
        "contentHash": "jXw9MlUu/kRfEU0WyTptAVueupqIeE3/rl0EZDMlf8pcvJnitQ8HeVEp69rZdaStXwTV72boi/Bhw8lOeO+U2w==",
        "dependencies": {
          "System.Security.Cryptography.ProtectedData": "6.0.0",
          "System.Security.Permissions": "6.0.0"
        }
      },
      "System.Diagnostics.EventLog": {
        "type": "Transitive",
        "resolved": "4.6.0",
        "contentHash": "JeRaXoqKLUsHrzbJ5dxElVfCCO0rILRlHHLlvqX5YAzrTewohHNU5wxJ928oKVA8TwvsayYBOIiV7Av+w4cSMA==",
        "dependencies": {
          "Microsoft.NETCore.Platforms": "3.0.0"
        }
      },
      "System.Drawing.Common": {
        "type": "Transitive",
        "resolved": "6.0.0",
        "contentHash": "NfuoKUiP2nUWwKZN6twGqXioIe1zVD0RIj2t976A+czLHr2nY454RwwXs6JU9Htc6mwqL6Dn/nEL3dpVf2jOhg==",
        "dependencies": {
          "Microsoft.Win32.SystemEvents": "6.0.0"
        }
      },
      "System.Security.Cryptography.ProtectedData": {
        "type": "Transitive",
        "resolved": "6.0.0",
        "contentHash": "rp1gMNEZpvx9vP0JW0oHLxlf8oSiQgtno77Y4PLUBjSiDYoD77Y8uXHr1Ea5XG4/pIKhqAdxZ8v8OTUtqo9PeQ=="
      },
      "System.Security.Permissions": {
        "type": "Transitive",
        "resolved": "6.0.0",
        "contentHash": "T/uuc7AklkDoxmcJ7LGkyX1CcSviZuLCa4jg3PekfJ7SU0niF0IVTXwUiNVP9DSpzou2PpxJ+eNY2IfDM90ZCg==",
        "dependencies": {
          "System.Windows.Extensions": "6.0.0"
        }
      },
      "System.Windows.Extensions": {
        "type": "Transitive",
        "resolved": "6.0.0",
        "contentHash": "IXoJOXIqc39AIe+CIR7koBtRGMiCt/LPM3lI+PELtDIy9XdyeSrwXFdWV9dzJ2Awl0paLWUaknLxFQ5HpHZUog==",
        "dependencies": {
          "System.Drawing.Common": "6.0.0"
        }
      }
    }
  }
}